
Microsoft Visual Studio Solution File, Format Version 12.00
# Visual Studio Version 17
VisualStudioVersion = 17.9.34723.18
MinimumVisualStudioVersion = 10.0.40219.1
Project("{FAE04EC0-301F-11D3-BF4B-00C04F79EFBC}") = "Lista1ex11", "Lista1ex11\Lista1ex11.csproj", "{5559A9A7-9BEF-4F56-A7C6-1643834DDDEF}"
EndProject
Global
	GlobalSection(SolutionConfigurationPlatforms) = preSolution
		Debug|Any CPU = Debug|Any CPU
		Release|Any CPU = Release|Any CPU
	EndGlobalSection
	GlobalSection(ProjectConfigurationPlatforms) = postSolution
		{5559A9A7-9BEF-4F56-A7C6-1643834DDDEF}.Debug|Any CPU.ActiveCfg = Debug|Any CPU
		{5559A9A7-9BEF-4F56-A7C6-1643834DDDEF}.Debug|Any CPU.Build.0 = Debug|Any CPU
		{5559A9A7-9BEF-4F56-A7C6-1643834DDDEF}.Release|Any CPU.ActiveCfg = Release|Any CPU
		{5559A9A7-9BEF-4F56-A7C6-1643834DDDEF}.Release|Any CPU.Build.0 = Release|Any CPU
	EndGlobalSection
	GlobalSection(SolutionProperties) = preSolution
		HideSolutionNode = FALSE
	EndGlobalSection
	GlobalSection(ExtensibilityGlobals) = postSolution
		SolutionGuid = {7D8219EE-5904-44E7-B484-2D2D2C84DC7D}
	EndGlobalSection
EndGlobal
