
Microsoft Visual Studio Solution File, Format Version 12.00
# Visual Studio Version 17
VisualStudioVersion = 17.9.34723.18
MinimumVisualStudioVersion = 10.0.40219.1
Project("{FAE04EC0-301F-11D3-BF4B-00C04F79EFBC}") = "Lista1ex2", "Lista1ex2\Lista1ex2.csproj", "{8F03D80D-993B-463B-A6A3-DB3BB9E003B0}"
EndProject
Global
	GlobalSection(SolutionConfigurationPlatforms) = preSolution
		Debug|Any CPU = Debug|Any CPU
		Release|Any CPU = Release|Any CPU
	EndGlobalSection
	GlobalSection(ProjectConfigurationPlatforms) = postSolution
		{8F03D80D-993B-463B-A6A3-DB3BB9E003B0}.Debug|Any CPU.ActiveCfg = Debug|Any CPU
		{8F03D80D-993B-463B-A6A3-DB3BB9E003B0}.Debug|Any CPU.Build.0 = Debug|Any CPU
		{8F03D80D-993B-463B-A6A3-DB3BB9E003B0}.Release|Any CPU.ActiveCfg = Release|Any CPU
		{8F03D80D-993B-463B-A6A3-DB3BB9E003B0}.Release|Any CPU.Build.0 = Release|Any CPU
	EndGlobalSection
	GlobalSection(SolutionProperties) = preSolution
		HideSolutionNode = FALSE
	EndGlobalSection
	GlobalSection(ExtensibilityGlobals) = postSolution
		SolutionGuid = {2346BF77-624E-4852-85F3-1B2B1B9C92A3}
	EndGlobalSection
EndGlobal
